<?xml version="1.0"?>
<plist version="1.0">
	<dict>
		<key>archiveVersion</key>
		<string>1</string>
		<key>classes</key>
		<dict />
		<key>objectVersion</key>
		<string>46</string>
		<key>objects</key>
		<dict>
			<key>618A708A9F37A6F20BC15F0D</key>
			<dict>
				<key>fileRef</key>
				<string>687D98A606A9474D0BD3758A</string>
				<key>isa</key>
				<string>PBXBuildFile</string>
			</dict>
			<key>687D98A606A9474D0BD3758A</key>
			<dict>
				<key>explicitFileType</key>
				<string>sourcecode.cpp.cpp</string>
				<key>fileEncoding</key>
				<string>30</string>
				<key>isa</key>
				<string>PBXFileReference</string>
				<key>name</key>
				<string>Vec3Utilities.cpp</string>
				<key>path</key>
				<string>../../../addons/ofxOpenSteer/libs/opensteer/src/Vec3Utilities.cpp</string>
				<key>sourceTree</key>
				<string>SOURCE_ROOT</string>
			</dict>
			<key>477D728921BB71F90C05F950</key>
			<dict>
				<key>fileRef</key>
				<string>5BD541875F6D996E912B9B2A</string>
				<key>isa</key>
				<string>PBXBuildFile</string>
			</dict>
			<key>5BD541875F6D996E912B9B2A</key>
			<dict>
				<key>explicitFileType</key>
				<string>sourcecode.cpp.cpp</string>
				<key>fileEncoding</key>
				<string>30</string>
				<key>isa</key>
				<string>PBXFileReference</string>
				<key>name</key>
				<string>Vec3.cpp</string>
				<key>path</key>
				<string>../../../addons/ofxOpenSteer/libs/opensteer/src/Vec3.cpp</string>
				<key>sourceTree</key>
				<string>SOURCE_ROOT</string>
			</dict>
			<key>F25CEC02AB9582994B9C9B12</key>
			<dict>
				<key>explicitFileType</key>
				<string>sourcecode.c.h</string>
				<key>fileEncoding</key>
				<string>30</string>
				<key>isa</key>
				<string>PBXFileReference</string>
				<key>name</key>
				<string>TerrainRayTest.h</string>
				<key>path</key>
				<string>../../../addons/ofxOpenSteer/libs/opensteer/src/TerrainRayTest.h</string>
				<key>sourceTree</key>
				<string>SOURCE_ROOT</string>
			</dict>
			<key>C3D1B0F7C229C7904B9B566B</key>
			<dict>
				<key>fileRef</key>
				<string>3B5F20F7C62A566654CAB52E</string>
				<key>isa</key>
				<string>PBXBuildFile</string>
			</dict>
			<key>3B5F20F7C62A566654CAB52E</key>
			<dict>
				<key>explicitFileType</key>
				<string>sourcecode.cpp.cpp</string>
				<key>fileEncoding</key>
				<string>30</string>
				<key>isa</key>
				<string>PBXFileReference</string>
				<key>name</key>
				<string>TerrainRayTest.cpp</string>
				<key>path</key>
				<string>../../../addons/ofxOpenSteer/libs/opensteer/src/TerrainRayTest.cpp</string>
				<key>sourceTree</key>
				<string>SOURCE_ROOT</string>
			</dict>
			<key>10DA2FD671FD32E0F28BACA7</key>
			<dict>
				<key>fileRef</key>
				<string>D558572B3CEDC04FF47FFF07</string>
				<key>isa</key>
				<string>PBXBuildFile</string>
			</dict>
			<key>D558572B3CEDC04FF47FFF07</key>
			<dict>
				<key>explicitFileType</key>
				<string>sourcecode.cpp.cpp</string>
				<key>fileEncoding</key>
				<string>30</string>
				<key>isa</key>
				<string>PBXFileReference</string>
				<key>name</key>
				<string>SimpleVehicle.cpp</string>
				<key>path</key>
				<string>../../../addons/ofxOpenSteer/libs/opensteer/src/SimpleVehicle.cpp</string>
				<key>sourceTree</key>
				<string>SOURCE_ROOT</string>
			</dict>
			<key>0BE6B2A97D9058AA1C2C5D5F</key>
			<dict>
				<key>fileRef</key>
				<string>690C0A854D7A6720690AA3EE</string>
				<key>isa</key>
				<string>PBXBuildFile</string>
			</dict>
			<key>690C0A854D7A6720690AA3EE</key>
			<dict>
				<key>explicitFileType</key>
				<string>sourcecode.cpp.cpp</string>
				<key>fileEncoding</key>
				<string>30</string>
				<key>isa</key>
				<string>PBXFileReference</string>
				<key>name</key>
				<string>SegmentedPathway.cpp</string>
				<key>path</key>
				<string>../../../addons/ofxOpenSteer/libs/opensteer/src/SegmentedPathway.cpp</string>
				<key>sourceTree</key>
				<string>SOURCE_ROOT</string>
			</dict>
			<key>99E7C3ABAD57ADA7B93C3734</key>
			<dict>
				<key>fileRef</key>
				<string>402FF5527DA4921C3D0189BF</string>
				<key>isa</key>
				<string>PBXBuildFile</string>
			</dict>
			<key>402FF5527DA4921C3D0189BF</key>
			<dict>
				<key>explicitFileType</key>
				<string>sourcecode.cpp.cpp</string>
				<key>fileEncoding</key>
				<string>30</string>
				<key>isa</key>
				<string>PBXFileReference</string>
				<key>name</key>
				<string>SegmentedPath.cpp</string>
				<key>path</key>
				<string>../../../addons/ofxOpenSteer/libs/opensteer/src/SegmentedPath.cpp</string>
				<key>sourceTree</key>
				<string>SOURCE_ROOT</string>
			</dict>
			<key>E4B6C7B397DE942BE8036509</key>
			<dict>
				<key>fileRef</key>
				<string>7B424B7ECA18D7CB1C0CFC13</string>
				<key>isa</key>
				<string>PBXBuildFile</string>
			</dict>
			<key>7B424B7ECA18D7CB1C0CFC13</key>
			<dict>
				<key>explicitFileType</key>
				<string>sourcecode.cpp.cpp</string>
				<key>fileEncoding</key>
				<string>30</string>
				<key>isa</key>
				<string>PBXFileReference</string>
				<key>name</key>
				<string>PolylineSegmentedPathwaySingleRadius.cpp</string>
				<key>path</key>
				<string>../../../addons/ofxOpenSteer/libs/opensteer/src/PolylineSegmentedPathwaySingleRadius.cpp</string>
				<key>sourceTree</key>
				<string>SOURCE_ROOT</string>
			</dict>
			<key>25EBF321E732B6D9ABC68373</key>
			<dict>
				<key>fileRef</key>
				<string>1E8E5A183C85BCC90F6DA19E</string>
				<key>isa</key>
				<string>PBXBuildFile</string>
			</dict>
			<key>1E8E5A183C85BCC90F6DA19E</key>
			<dict>
				<key>explicitFileType</key>
				<string>sourcecode.cpp.cpp</string>
				<key>fileEncoding</key>
				<string>30</string>
				<key>isa</key>
				<string>PBXFileReference</string>
				<key>name</key>
				<string>PolylineSegmentedPathwaySegmentRadii.cpp</string>
				<key>path</key>
				<string>../../../addons/ofxOpenSteer/libs/opensteer/src/PolylineSegmentedPathwaySegmentRadii.cpp</string>
				<key>sourceTree</key>
				<string>SOURCE_ROOT</string>
			</dict>
			<key>3E1685B91EB64A74D8C94285</key>
			<dict>
				<key>fileRef</key>
				<string>9C9CE1FC60B73864F863B37F</string>
				<key>isa</key>
				<string>PBXBuildFile</string>
			</dict>
			<key>9C9CE1FC60B73864F863B37F</key>
			<dict>
				<key>explicitFileType</key>
				<string>sourcecode.cpp.cpp</string>
				<key>fileEncoding</key>
				<string>30</string>
				<key>isa</key>
				<string>PBXFileReference</string>
				<key>name</key>
				<string>PolylineSegmentedPath.cpp</string>
				<key>path</key>
				<string>../../../addons/ofxOpenSteer/libs/opensteer/src/PolylineSegmentedPath.cpp</string>
				<key>sourceTree</key>
				<string>SOURCE_ROOT</string>
			</dict>
			<key>43FB9AA1514A8F62CE9FED72</key>
			<dict>
				<key>fileRef</key>
				<string>2E2A9FB1B7C2F3367C41A1D6</string>
				<key>isa</key>
				<string>PBXBuildFile</string>
			</dict>
			<key>2E2A9FB1B7C2F3367C41A1D6</key>
			<dict>
				<key>explicitFileType</key>
				<string>sourcecode.cpp.cpp</string>
				<key>fileEncoding</key>
				<string>30</string>
				<key>isa</key>
				<string>PBXFileReference</string>
				<key>name</key>
				<string>PlugIn.cpp</string>
				<key>path</key>
				<string>../../../addons/ofxOpenSteer/libs/opensteer/src/PlugIn.cpp</string>
				<key>sourceTree</key>
				<string>SOURCE_ROOT</string>
			</dict>
			<key>514B9FDE0ABD5936B6938975</key>
			<dict>
				<key>fileRef</key>
				<string>76FD9AE97F983C1EB80D3504</string>
				<key>isa</key>
				<string>PBXBuildFile</string>
			</dict>
			<key>76FD9AE97F983C1EB80D3504</key>
			<dict>
				<key>explicitFileType</key>
				<string>sourcecode.cpp.cpp</string>
				<key>fileEncoding</key>
				<string>30</string>
				<key>isa</key>
				<string>PBXFileReference</string>
				<key>name</key>
				<string>Pathway.cpp</string>
				<key>path</key>
				<string>../../../addons/ofxOpenSteer/libs/opensteer/src/Pathway.cpp</string>
				<key>sourceTree</key>
				<string>SOURCE_ROOT</string>
			</dict>
			<key>8B76A5488E907E9AE2D1389C</key>
			<dict>
				<key>fileRef</key>
				<string>BC3D252BC2DCC8AB11CE8D64</string>
				<key>isa</key>
				<string>PBXBuildFile</string>
			</dict>
			<key>BC3D252BC2DCC8AB11CE8D64</key>
			<dict>
				<key>explicitFileType</key>
				<string>sourcecode.cpp.cpp</string>
				<key>fileEncoding</key>
				<string>30</string>
				<key>isa</key>
				<string>PBXFileReference</string>
				<key>name</key>
				<string>Path.cpp</string>
				<key>path</key>
				<string>../../../addons/ofxOpenSteer/libs/opensteer/src/Path.cpp</string>
				<key>sourceTree</key>
				<string>SOURCE_ROOT</string>
			</dict>
			<key>F96748B8302FC633F6DD09CD</key>
			<dict>
				<key>fileRef</key>
				<string>B0701F8C13EDDD03C8F6CD88</string>
				<key>isa</key>
				<string>PBXBuildFile</string>
			</dict>
			<key>B0701F8C13EDDD03C8F6CD88</key>
			<dict>
				<key>explicitFileType</key>
				<string>sourcecode.cpp.cpp</string>
				<key>fileEncoding</key>
				<string>30</string>
				<key>isa</key>
				<string>PBXFileReference</string>
				<key>name</key>
				<string>OpenSteerDemo.cpp</string>
				<key>path</key>
				<string>../../../addons/ofxOpenSteer/libs/opensteer/src/OpenSteerDemo.cpp</string>
				<key>sourceTree</key>
				<string>SOURCE_ROOT</string>
			</dict>
			<key>F628E1BA2901DF8154331F54</key>
			<dict>
				<key>fileRef</key>
				<string>F0FF21CFBA842B19281C1151</string>
				<key>isa</key>
				<string>PBXBuildFile</string>
			</dict>
			<key>F0FF21CFBA842B19281C1151</key>
			<dict>
				<key>explicitFileType</key>
				<string>sourcecode.cpp.cpp</string>
				<key>fileEncoding</key>
				<string>30</string>
				<key>isa</key>
				<string>PBXFileReference</string>
				<key>name</key>
				<string>OldPathway.cpp</string>
				<key>path</key>
				<string>../../../addons/ofxOpenSteer/libs/opensteer/src/OldPathway.cpp</string>
				<key>sourceTree</key>
				<string>SOURCE_ROOT</string>
			</dict>
			<key>A9BEEC8ED9C4A4C44D9ECB78</key>
			<dict>
				<key>fileRef</key>
				<string>3DA687D741FF5005D9800243</string>
				<key>isa</key>
				<string>PBXBuildFile</string>
			</dict>
			<key>3DA687D741FF5005D9800243</key>
			<dict>
				<key>explicitFileType</key>
				<string>sourcecode.cpp.cpp</string>
				<key>fileEncoding</key>
				<string>30</string>
				<key>isa</key>
				<string>PBXFileReference</string>
				<key>name</key>
				<string>Obstacle.cpp</string>
				<key>path</key>
				<string>../../../addons/ofxOpenSteer/libs/opensteer/src/Obstacle.cpp</string>
				<key>sourceTree</key>
				<string>SOURCE_ROOT</string>
			</dict>
			<key>313D840D0AB66D427E6364DC</key>
			<dict>
				<key>fileRef</key>
				<string>90793199ECB50C6A401DE5F3</string>
				<key>isa</key>
				<string>PBXBuildFile</string>
			</dict>
			<key>90793199ECB50C6A401DE5F3</key>
			<dict>
				<key>explicitFileType</key>
				<string>sourcecode.c.c</string>
				<key>fileEncoding</key>
				<string>30</string>
				<key>isa</key>
				<string>PBXFileReference</string>
				<key>name</key>
				<string>lq.c</string>
				<key>path</key>
				<string>../../../addons/ofxOpenSteer/libs/opensteer/src/lq.c</string>
				<key>sourceTree</key>
				<string>SOURCE_ROOT</string>
			</dict>
			<key>8388BEEAF6D940CC7A3962AE</key>
			<dict>
				<key>fileRef</key>
				<string>A18924B2D4189048BF781A88</string>
				<key>isa</key>
				<string>PBXBuildFile</string>
			</dict>
			<key>A18924B2D4189048BF781A88</key>
			<dict>
				<key>explicitFileType</key>
				<string>sourcecode.cpp.cpp</string>
				<key>fileEncoding</key>
				<string>30</string>
				<key>isa</key>
				<string>PBXFileReference</string>
				<key>name</key>
				<string>Draw.cpp</string>
				<key>path</key>
				<string>../../../addons/ofxOpenSteer/libs/opensteer/src/Draw.cpp</string>
				<key>sourceTree</key>
				<string>SOURCE_ROOT</string>
			</dict>
			<key>75035C80C760D9BD7C998454</key>
			<dict>
				<key>fileRef</key>
				<string>BE3790F6A627AC8F365A63B8</string>
				<key>isa</key>
				<string>PBXBuildFile</string>
			</dict>
			<key>BE3790F6A627AC8F365A63B8</key>
			<dict>
				<key>explicitFileType</key>
				<string>sourcecode.cpp.cpp</string>
				<key>fileEncoding</key>
				<string>30</string>
				<key>isa</key>
				<string>PBXFileReference</string>
				<key>name</key>
				<string>Color.cpp</string>
				<key>path</key>
				<string>../../../addons/ofxOpenSteer/libs/opensteer/src/Color.cpp</string>
				<key>sourceTree</key>
				<string>SOURCE_ROOT</string>
			</dict>
			<key>646DF517B618135F4E1DD433</key>
			<dict>
				<key>fileRef</key>
				<string>96A5FAC5C5F1236950E1D284</string>
				<key>isa</key>
				<string>PBXBuildFile</string>
			</dict>
			<key>96A5FAC5C5F1236950E1D284</key>
			<dict>
				<key>explicitFileType</key>
				<string>sourcecode.cpp.cpp</string>
				<key>fileEncoding</key>
				<string>30</string>
				<key>isa</key>
				<string>PBXFileReference</string>
				<key>name</key>
				<string>Clock.cpp</string>
				<key>path</key>
				<string>../../../addons/ofxOpenSteer/libs/opensteer/src/Clock.cpp</string>
				<key>sourceTree</key>
				<string>SOURCE_ROOT</string>
			</dict>
			<key>E883EE4E5FE0661B4D919B1F</key>
			<dict>
				<key>children</key>
				<array>
					<string>CB5613BF8891CDABCB0BB47A</string>
					<string>96A5FAC5C5F1236950E1D284</string>
					<string>BE3790F6A627AC8F365A63B8</string>
					<string>A18924B2D4189048BF781A88</string>
					<string>90793199ECB50C6A401DE5F3</string>
					<string>3DA687D741FF5005D9800243</string>
					<string>F0FF21CFBA842B19281C1151</string>
					<string>B0701F8C13EDDD03C8F6CD88</string>
					<string>BC3D252BC2DCC8AB11CE8D64</string>
					<string>76FD9AE97F983C1EB80D3504</string>
					<string>2E2A9FB1B7C2F3367C41A1D6</string>
					<string>9C9CE1FC60B73864F863B37F</string>
					<string>1E8E5A183C85BCC90F6DA19E</string>
					<string>7B424B7ECA18D7CB1C0CFC13</string>
					<string>402FF5527DA4921C3D0189BF</string>
					<string>690C0A854D7A6720690AA3EE</string>
					<string>D558572B3CEDC04FF47FFF07</string>
					<string>3B5F20F7C62A566654CAB52E</string>
					<string>F25CEC02AB9582994B9C9B12</string>
					<string>5BD541875F6D996E912B9B2A</string>
					<string>687D98A606A9474D0BD3758A</string>
				</array>
				<key>isa</key>
				<string>PBXGroup</string>
				<key>name</key>
				<string>src</string>
				<key>sourceTree</key>
				<string>&lt;group&gt;</string>
			</dict>
			<key>9064074AD5E6A2223C232C3A</key>
			<dict>
				<key>fileRef</key>
				<string>CB5613BF8891CDABCB0BB47A</string>
				<key>isa</key>
				<string>PBXBuildFile</string>
			</dict>
			<key>CB5613BF8891CDABCB0BB47A</key>
			<dict>
				<key>explicitFileType</key>
				<string>sourcecode.cpp.cpp</string>
				<key>fileEncoding</key>
				<string>30</string>
				<key>isa</key>
				<string>PBXFileReference</string>
				<key>name</key>
				<string>Camera.cpp</string>
				<key>path</key>
				<string>../../../addons/ofxOpenSteer/libs/opensteer/src/Camera.cpp</string>
				<key>sourceTree</key>
				<string>SOURCE_ROOT</string>
			</dict>
			<key>5957847FDA49DFB321AC7A24</key>
			<dict>
				<key>explicitFileType</key>
				<string>sourcecode.c.h</string>
				<key>fileEncoding</key>
				<string>30</string>
				<key>isa</key>
				<string>PBXFileReference</string>
				<key>name</key>
				<string>Vec3Utilities.h</string>
				<key>path</key>
				<string>../../../addons/ofxOpenSteer/libs/opensteer/include/OpenSteer/Vec3Utilities.h</string>
				<key>sourceTree</key>
				<string>SOURCE_ROOT</string>
			</dict>
			<key>B56B1FB374B586E52352447D</key>
			<dict>
				<key>explicitFileType</key>
				<string>sourcecode.c.h</string>
				<key>fileEncoding</key>
				<string>30</string>
				<key>isa</key>
				<string>PBXFileReference</string>
				<key>name</key>
				<string>Vec3.h</string>
				<key>path</key>
				<string>../../../addons/ofxOpenSteer/libs/opensteer/include/OpenSteer/Vec3.h</string>
				<key>sourceTree</key>
				<string>SOURCE_ROOT</string>
			</dict>
			<key>E2DC221E67C4CBDA904517C4</key>
			<dict>
				<key>explicitFileType</key>
				<string>sourcecode.c.h</string>
				<key>fileEncoding</key>
				<string>30</string>
				<key>isa</key>
				<string>PBXFileReference</string>
				<key>name</key>
				<string>Utilities.h</string>
				<key>path</key>
				<string>../../../addons/ofxOpenSteer/libs/opensteer/include/OpenSteer/Utilities.h</string>
				<key>sourceTree</key>
				<string>SOURCE_ROOT</string>
			</dict>
			<key>B2A125380D8F8B69CAAA9660</key>
			<dict>
				<key>explicitFileType</key>
				<string>sourcecode.c.h</string>
				<key>fileEncoding</key>
				<string>30</string>
				<key>isa</key>
				<string>PBXFileReference</string>
				<key>name</key>
				<string>UnusedParameter.h</string>
				<key>path</key>
				<string>../../../addons/ofxOpenSteer/libs/opensteer/include/OpenSteer/UnusedParameter.h</string>
				<key>sourceTree</key>
				<string>SOURCE_ROOT</string>
			</dict>
			<key>44657774CA61CB27364DA849</key>
			<dict>
				<key>explicitFileType</key>
				<string>sourcecode.c.h</string>
				<key>fileEncoding</key>
				<string>30</string>
				<key>isa</key>
				<string>PBXFileReference</string>
				<key>name</key>
				<string>SteerLibrary.h</string>
				<key>path</key>
				<string>../../../addons/ofxOpenSteer/libs/opensteer/include/OpenSteer/SteerLibrary.h</string>
				<key>sourceTree</key>
				<string>SOURCE_ROOT</string>
			</dict>
			<key>789CCD0F6EB02E679D438B29</key>
			<dict>
				<key>explicitFileType</key>
				<string>sourcecode.c.h</string>
				<key>fileEncoding</key>
				<string>30</string>
				<key>isa</key>
				<string>PBXFileReference</string>
				<key>name</key>
				<string>StandardTypes.h</string>
				<key>path</key>
				<string>../../../addons/ofxOpenSteer/libs/opensteer/include/OpenSteer/StandardTypes.h</string>
				<key>sourceTree</key>
				<string>SOURCE_ROOT</string>
			</dict>
			<key>FD18CD735F7451C02CD1B9F9</key>
			<dict>
				<key>explicitFileType</key>
				<string>sourcecode.c.h</string>
				<key>fileEncoding</key>
				<string>30</string>
				<key>isa</key>
				<string>PBXFileReference</string>
				<key>name</key>
				<string>SimpleVehicle.h</string>
				<key>path</key>
				<string>../../../addons/ofxOpenSteer/libs/opensteer/include/OpenSteer/SimpleVehicle.h</string>
				<key>sourceTree</key>
				<string>SOURCE_ROOT</string>
			</dict>
			<key>2EDBEE7940C51F7239D702F5</key>
			<dict>
				<key>explicitFileType</key>
				<string>sourcecode.c.h</string>
				<key>fileEncoding</key>
				<string>30</string>
				<key>isa</key>
				<string>PBXFileReference</string>
				<key>name</key>
				<string>SharedPointer.h</string>
				<key>path</key>
				<string>../../../addons/ofxOpenSteer/libs/opensteer/include/OpenSteer/SharedPointer.h</string>
				<key>sourceTree</key>
				<string>SOURCE_ROOT</string>
			</dict>
			<key>670C56D15E28C2A3B46456E7</key>
			<dict>
				<key>explicitFileType</key>
				<string>sourcecode.c.h</string>
				<key>fileEncoding</key>
				<string>30</string>
				<key>isa</key>
				<string>PBXFileReference</string>
				<key>name</key>
				<string>SegmentedPathway.h</string>
				<key>path</key>
				<string>../../../addons/ofxOpenSteer/libs/opensteer/include/OpenSteer/SegmentedPathway.h</string>
				<key>sourceTree</key>
				<string>SOURCE_ROOT</string>
			</dict>
			<key>3251A6DDF15DEE9C2DB00FA1</key>
			<dict>
				<key>explicitFileType</key>
				<string>sourcecode.c.h</string>
				<key>fileEncoding</key>
				<string>30</string>
				<key>isa</key>
				<string>PBXFileReference</string>
				<key>name</key>
				<string>SegmentedPathAlikeUtilities.h</string>
				<key>path</key>
				<string>../../../addons/ofxOpenSteer/libs/opensteer/include/OpenSteer/SegmentedPathAlikeUtilities.h</string>
				<key>sourceTree</key>
				<string>SOURCE_ROOT</string>
			</dict>
			<key>3C54ABEF89A97719BE87877C</key>
			<dict>
				<key>explicitFileType</key>
				<string>sourcecode.c.h</string>
				<key>fileEncoding</key>
				<string>30</string>
				<key>isa</key>
				<string>PBXFileReference</string>
				<key>name</key>
				<string>SegmentedPath.h</string>
				<key>path</key>
				<string>../../../addons/ofxOpenSteer/libs/opensteer/include/OpenSteer/SegmentedPath.h</string>
				<key>sourceTree</key>
				<string>SOURCE_ROOT</string>
			</dict>
			<key>D2871C346D4BAFB6FB6F9D05</key>
			<dict>
				<key>explicitFileType</key>
				<string>sourcecode.c.h</string>
				<key>fileEncoding</key>
				<string>30</string>
				<key>isa</key>
				<string>PBXFileReference</string>
				<key>name</key>
				<string>QueryPathAlikeUtilities.h</string>
				<key>path</key>
				<string>../../../addons/ofxOpenSteer/libs/opensteer/include/OpenSteer/QueryPathAlikeUtilities.h</string>
				<key>sourceTree</key>
				<string>SOURCE_ROOT</string>
			</dict>
			<key>622A79B6E9C4BE94D81D9A0B</key>
			<dict>
				<key>explicitFileType</key>
				<string>sourcecode.c.h</string>
				<key>fileEncoding</key>
				<string>30</string>
				<key>isa</key>
				<string>PBXFileReference</string>
				<key>name</key>
				<string>QueryPathAlikeMappings.h</string>
				<key>path</key>
				<string>../../../addons/ofxOpenSteer/libs/opensteer/include/OpenSteer/QueryPathAlikeMappings.h</string>
				<key>sourceTree</key>
				<string>SOURCE_ROOT</string>
			</dict>
			<key>D9CD879F704E6658DE68E87C</key>
			<dict>
				<key>explicitFileType</key>
				<string>sourcecode.c.h</string>
				<key>fileEncoding</key>
				<string>30</string>
				<key>isa</key>
				<string>PBXFileReference</string>
				<key>name</key>
				<string>QueryPathAlikeBaseDataExtractionPolicies.h</string>
				<key>path</key>
				<string>../../../addons/ofxOpenSteer/libs/opensteer/include/OpenSteer/QueryPathAlikeBaseDataExtractionPolicies.h</string>
				<key>sourceTree</key>
				<string>SOURCE_ROOT</string>
			</dict>
			<key>E0ACC0A17F803B456F55468C</key>
			<dict>
				<key>explicitFileType</key>
				<string>sourcecode.c.h</string>
				<key>fileEncoding</key>
				<string>30</string>
				<key>isa</key>
				<string>PBXFileReference</string>
				<key>name</key>
				<string>QueryPathAlike.h</string>
				<key>path</key>
				<string>../../../addons/ofxOpenSteer/libs/opensteer/include/OpenSteer/QueryPathAlike.h</string>
				<key>sourceTree</key>
				<string>SOURCE_ROOT</string>
			</dict>
			<key>14A5EE73B0D1A53870291690</key>
			<dict>
				<key>explicitFileType</key>
				<string>sourcecode.c.h</string>
				<key>fileEncoding</key>
				<string>30</string>
				<key>isa</key>
				<string>PBXFileReference</string>
				<key>name</key>
				<string>Proximity.h</string>
				<key>path</key>
				<string>../../../addons/ofxOpenSteer/libs/opensteer/include/OpenSteer/Proximity.h</string>
				<key>sourceTree</key>
				<string>SOURCE_ROOT</string>
			</dict>
			<key>61DB168650D7CB63328A00E9</key>
			<dict>
				<key>explicitFileType</key>
				<string>sourcecode.c.h</string>
				<key>fileEncoding</key>
				<string>30</string>
				<key>isa</key>
				<string>PBXFileReference</string>
				<key>name</key>
				<string>PolylineSegmentedPathwaySingleRadius.h</string>
				<key>path</key>
				<string>../../../addons/ofxOpenSteer/libs/opensteer/include/OpenSteer/PolylineSegmentedPathwaySingleRadius.h</string>
				<key>sourceTree</key>
				<string>SOURCE_ROOT</string>
			</dict>
			<key>74A8FBC85E5B0BC958A2BF49</key>
			<dict>
				<key>explicitFileType</key>
				<string>sourcecode.c.h</string>
				<key>fileEncoding</key>
				<string>30</string>
				<key>isa</key>
				<string>PBXFileReference</string>
				<key>name</key>
				<string>PolylineSegmentedPathwaySegmentRadii.h</string>
				<key>path</key>
				<string>../../../addons/ofxOpenSteer/libs/opensteer/include/OpenSteer/PolylineSegmentedPathwaySegmentRadii.h</string>
				<key>sourceTree</key>
				<string>SOURCE_ROOT</string>
			</dict>
			<key>D973BDF8C91507C0131D4B8A</key>
			<dict>
				<key>explicitFileType</key>
				<string>sourcecode.c.h</string>
				<key>fileEncoding</key>
				<string>30</string>
				<key>isa</key>
				<string>PBXFileReference</string>
				<key>name</key>
				<string>PolylineSegmentedPath.h</string>
				<key>path</key>
				<string>../../../addons/ofxOpenSteer/libs/opensteer/include/OpenSteer/PolylineSegmentedPath.h</string>
				<key>sourceTree</key>
				<string>SOURCE_ROOT</string>
			</dict>
			<key>2D27DB4C245BB12B799C6BB0</key>
			<dict>
				<key>explicitFileType</key>
				<string>sourcecode.c.h</string>
				<key>fileEncoding</key>
				<string>30</string>
				<key>isa</key>
				<string>PBXFileReference</string>
				<key>name</key>
				<string>PlugIn.h</string>
				<key>path</key>
				<string>../../../addons/ofxOpenSteer/libs/opensteer/include/OpenSteer/PlugIn.h</string>
				<key>sourceTree</key>
				<string>SOURCE_ROOT</string>
			</dict>
			<key>EDAAA96348F2070D2D4BE1BF</key>
			<dict>
				<key>explicitFileType</key>
				<string>sourcecode.c.h</string>
				<key>fileEncoding</key>
				<string>30</string>
				<key>isa</key>
				<string>PBXFileReference</string>
				<key>name</key>
				<string>Pathway.h</string>
				<key>path</key>
				<string>../../../addons/ofxOpenSteer/libs/opensteer/include/OpenSteer/Pathway.h</string>
				<key>sourceTree</key>
				<string>SOURCE_ROOT</string>
			</dict>
			<key>D6FC6089D51C17764EDC0D13</key>
			<dict>
				<key>explicitFileType</key>
				<string>sourcecode.c.h</string>
				<key>fileEncoding</key>
				<string>30</string>
				<key>isa</key>
				<string>PBXFileReference</string>
				<key>name</key>
				<string>Path.h</string>
				<key>path</key>
				<string>../../../addons/ofxOpenSteer/libs/opensteer/include/OpenSteer/Path.h</string>
				<key>sourceTree</key>
				<string>SOURCE_ROOT</string>
			</dict>
			<key>2569CC01CBB5BBA733703292</key>
			<dict>
				<key>explicitFileType</key>
				<string>sourcecode.c.h</string>
				<key>fileEncoding</key>
				<string>30</string>
				<key>isa</key>
				<string>PBXFileReference</string>
				<key>name</key>
				<string>OpenSteerDemo.h</string>
				<key>path</key>
				<string>../../../addons/ofxOpenSteer/libs/opensteer/include/OpenSteer/OpenSteerDemo.h</string>
				<key>sourceTree</key>
				<string>SOURCE_ROOT</string>
			</dict>
			<key>32E8BDE84F47965731E680CF</key>
			<dict>
				<key>explicitFileType</key>
				<string>sourcecode.c.h</string>
				<key>fileEncoding</key>
				<string>30</string>
				<key>isa</key>
				<string>PBXFileReference</string>
				<key>name</key>
				<string>OldPathway.h</string>
				<key>path</key>
				<string>../../../addons/ofxOpenSteer/libs/opensteer/include/OpenSteer/OldPathway.h</string>
				<key>sourceTree</key>
				<string>SOURCE_ROOT</string>
			</dict>
			<key>B0A49639C7771FBCAD11486C</key>
			<dict>
				<key>explicitFileType</key>
				<string>sourcecode.c.h</string>
				<key>fileEncoding</key>
				<string>30</string>
				<key>isa</key>
				<string>PBXFileReference</string>
				<key>name</key>
				<string>Obstacle.h</string>
				<key>path</key>
				<string>../../../addons/ofxOpenSteer/libs/opensteer/include/OpenSteer/Obstacle.h</string>
				<key>sourceTree</key>
				<string>SOURCE_ROOT</string>
			</dict>
			<key>7AADD23391F6116E1F391DF5</key>
			<dict>
				<key>explicitFileType</key>
				<string>sourcecode.c.h</string>
				<key>fileEncoding</key>
				<string>30</string>
				<key>isa</key>
				<string>PBXFileReference</string>
				<key>name</key>
				<string>lq.h</string>
				<key>path</key>
				<string>../../../addons/ofxOpenSteer/libs/opensteer/include/OpenSteer/lq.h</string>
				<key>sourceTree</key>
				<string>SOURCE_ROOT</string>
			</dict>
			<key>3E7C6CC21F1A12E1B47EEFAD</key>
			<dict>
				<key>explicitFileType</key>
				<string>sourcecode.c.h</string>
				<key>fileEncoding</key>
				<string>30</string>
				<key>isa</key>
				<string>PBXFileReference</string>
				<key>name</key>
				<string>LocalSpace.h</string>
				<key>path</key>
				<string>../../../addons/ofxOpenSteer/libs/opensteer/include/OpenSteer/LocalSpace.h</string>
				<key>sourceTree</key>
				<string>SOURCE_ROOT</string>
			</dict>
			<key>BE9F3E948ADE37ABE87978E6</key>
			<dict>
				<key>explicitFileType</key>
				<string>sourcecode.c.h</string>
				<key>fileEncoding</key>
				<string>30</string>
				<key>isa</key>
				<string>PBXFileReference</string>
				<key>name</key>
				<string>Draw.h</string>
				<key>path</key>
				<string>../../../addons/ofxOpenSteer/libs/opensteer/include/OpenSteer/Draw.h</string>
				<key>sourceTree</key>
				<string>SOURCE_ROOT</string>
			</dict>
			<key>51DD8B1F0712B14A2A0842C0</key>
			<dict>
				<key>explicitFileType</key>
				<string>sourcecode.c.h</string>
				<key>fileEncoding</key>
				<string>30</string>
				<key>isa</key>
				<string>PBXFileReference</string>
				<key>name</key>
				<string>Color.h</string>
				<key>path</key>
				<string>../../../addons/ofxOpenSteer/libs/opensteer/include/OpenSteer/Color.h</string>
				<key>sourceTree</key>
				<string>SOURCE_ROOT</string>
			</dict>
			<key>37C42B8F9D2DEE423C765276</key>
			<dict>
				<key>explicitFileType</key>
				<string>sourcecode.c.h</string>
				<key>fileEncoding</key>
				<string>30</string>
				<key>isa</key>
				<string>PBXFileReference</string>
				<key>name</key>
				<string>Clock.h</string>
				<key>path</key>
				<string>../../../addons/ofxOpenSteer/libs/opensteer/include/OpenSteer/Clock.h</string>
				<key>sourceTree</key>
				<string>SOURCE_ROOT</string>
			</dict>
			<key>3A146BDE7E1219DC85F1E99F</key>
			<dict>
				<key>explicitFileType</key>
				<string>sourcecode.c.h</string>
				<key>fileEncoding</key>
				<string>30</string>
				<key>isa</key>
				<string>PBXFileReference</string>
				<key>name</key>
				<string>Camera.h</string>
				<key>path</key>
				<string>../../../addons/ofxOpenSteer/libs/opensteer/include/OpenSteer/Camera.h</string>
				<key>sourceTree</key>
				<string>SOURCE_ROOT</string>
			</dict>
			<key>ED55570E3D5226C7FE11945B</key>
			<dict>
				<key>explicitFileType</key>
				<string>sourcecode.c.h</string>
				<key>fileEncoding</key>
				<string>30</string>
				<key>isa</key>
				<string>PBXFileReference</string>
				<key>name</key>
				<string>Annotation.h</string>
				<key>path</key>
				<string>../../../addons/ofxOpenSteer/libs/opensteer/include/OpenSteer/Annotation.h</string>
				<key>sourceTree</key>
				<string>SOURCE_ROOT</string>
			</dict>
			<key>A97338416EA966493F315330</key>
			<dict>
				<key>children</key>
				<array>
					<string>C3A7FC73DE4BD19360FBBEEF</string>
					<string>ED55570E3D5226C7FE11945B</string>
					<string>3A146BDE7E1219DC85F1E99F</string>
					<string>37C42B8F9D2DEE423C765276</string>
					<string>51DD8B1F0712B14A2A0842C0</string>
					<string>BE9F3E948ADE37ABE87978E6</string>
					<string>3E7C6CC21F1A12E1B47EEFAD</string>
					<string>7AADD23391F6116E1F391DF5</string>
					<string>B0A49639C7771FBCAD11486C</string>
					<string>32E8BDE84F47965731E680CF</string>
					<string>2569CC01CBB5BBA733703292</string>
					<string>D6FC6089D51C17764EDC0D13</string>
					<string>EDAAA96348F2070D2D4BE1BF</string>
					<string>2D27DB4C245BB12B799C6BB0</string>
					<string>D973BDF8C91507C0131D4B8A</string>
					<string>74A8FBC85E5B0BC958A2BF49</string>
					<string>61DB168650D7CB63328A00E9</string>
					<string>14A5EE73B0D1A53870291690</string>
					<string>E0ACC0A17F803B456F55468C</string>
					<string>D9CD879F704E6658DE68E87C</string>
					<string>622A79B6E9C4BE94D81D9A0B</string>
					<string>D2871C346D4BAFB6FB6F9D05</string>
					<string>3C54ABEF89A97719BE87877C</string>
					<string>3251A6DDF15DEE9C2DB00FA1</string>
					<string>670C56D15E28C2A3B46456E7</string>
					<string>2EDBEE7940C51F7239D702F5</string>
					<string>FD18CD735F7451C02CD1B9F9</string>
					<string>789CCD0F6EB02E679D438B29</string>
					<string>44657774CA61CB27364DA849</string>
					<string>B2A125380D8F8B69CAAA9660</string>
					<string>E2DC221E67C4CBDA904517C4</string>
					<string>B56B1FB374B586E52352447D</string>
					<string>5957847FDA49DFB321AC7A24</string>
				</array>
				<key>isa</key>
				<string>PBXGroup</string>
				<key>name</key>
				<string>OpenSteer</string>
				<key>sourceTree</key>
				<string>&lt;group&gt;</string>
			</dict>
			<key>F7FCEB5EEEC3DC9694E8F621</key>
			<dict>
				<key>children</key>
				<array>
					<string>A97338416EA966493F315330</string>
				</array>
				<key>isa</key>
				<string>PBXGroup</string>
				<key>name</key>
				<string>include</string>
				<key>sourceTree</key>
				<string>&lt;group&gt;</string>
			</dict>
			<key>27B2AC8B905FA2A8C7B4776C</key>
			<dict>
				<key>children</key>
				<array>
					<string>F7FCEB5EEEC3DC9694E8F621</string>
					<string>E883EE4E5FE0661B4D919B1F</string>
				</array>
				<key>isa</key>
				<string>PBXGroup</string>
				<key>name</key>
				<string>opensteer</string>
				<key>sourceTree</key>
				<string>&lt;group&gt;</string>
			</dict>
			<key>16675EE1195386F3958AA177</key>
			<dict>
				<key>children</key>
				<array>
					<string>27B2AC8B905FA2A8C7B4776C</string>
				</array>
				<key>isa</key>
				<string>PBXGroup</string>
				<key>name</key>
				<string>libs</string>
				<key>sourceTree</key>
				<string>&lt;group&gt;</string>
			</dict>
			<key>C3A7FC73DE4BD19360FBBEEF</key>
			<dict>
				<key>explicitFileType</key>
				<string>sourcecode.c.h</string>
				<key>fileEncoding</key>
				<string>30</string>
				<key>isa</key>
				<string>PBXFileReference</string>
				<key>name</key>
				<string>AbstractVehicle.h</string>
				<key>path</key>
				<string>../../../addons/ofxOpenSteer/libs/opensteer/include/OpenSteer/AbstractVehicle.h</string>
				<key>sourceTree</key>
				<string>SOURCE_ROOT</string>
			</dict>
			<key>09636F1698B7C6CBBACBCDB5</key>
			<dict>
				<key>explicitFileType</key>
				<string>sourcecode.c.h</string>
				<key>fileEncoding</key>
				<string>30</string>
				<key>isa</key>
				<string>PBXFileReference</string>
				<key>name</key>
				<string>ofxOpenSteerVehicle.h</string>
				<key>path</key>
				<string>../../../addons/ofxOpenSteer/src/ofxOpenSteerVehicle.h</string>
				<key>sourceTree</key>
				<string>SOURCE_ROOT</string>
			</dict>
			<key>F2A30E344EAA31E115D3039C</key>
			<dict>
				<key>fileRef</key>
				<string>33F478B0C0E14FC00850434D</string>
				<key>isa</key>
				<string>PBXBuildFile</string>
			</dict>
			<key>33F478B0C0E14FC00850434D</key>
			<dict>
				<key>explicitFileType</key>
				<string>sourcecode.cpp.cpp</string>
				<key>fileEncoding</key>
				<string>30</string>
				<key>isa</key>
				<string>PBXFileReference</string>
				<key>name</key>
				<string>ofxOpenSteerVehicle.cpp</string>
				<key>path</key>
				<string>../../../addons/ofxOpenSteer/src/ofxOpenSteerVehicle.cpp</string>
				<key>sourceTree</key>
				<string>SOURCE_ROOT</string>
			</dict>
			<key>F6D22EC28D397A6503B6AB19</key>
			<dict>
				<key>explicitFileType</key>
				<string>sourcecode.c.h</string>
				<key>fileEncoding</key>
				<string>30</string>
				<key>isa</key>
				<string>PBXFileReference</string>
				<key>name</key>
				<string>ofxOpenSteerUtils.h</string>
				<key>path</key>
				<string>../../../addons/ofxOpenSteer/src/ofxOpenSteerUtils.h</string>
				<key>sourceTree</key>
				<string>SOURCE_ROOT</string>
			</dict>
			<key>D62EFAC79DF4DDB4C5349844</key>
			<dict>
				<key>explicitFileType</key>
				<string>sourcecode.c.h</string>
				<key>fileEncoding</key>
				<string>30</string>
				<key>isa</key>
				<string>PBXFileReference</string>
				<key>name</key>
				<string>ofxOpenSteerTypes.h</string>
				<key>path</key>
				<string>../../../addons/ofxOpenSteer/src/ofxOpenSteerTypes.h</string>
				<key>sourceTree</key>
				<string>SOURCE_ROOT</string>
			</dict>
			<key>7F602D7816E4004CD3C9CEB6</key>
			<dict>
				<key>explicitFileType</key>
				<string>sourcecode.c.h</string>
				<key>fileEncoding</key>
				<string>30</string>
				<key>isa</key>
				<string>PBXFileReference</string>
				<key>name</key>
				<string>ofxOpenSteerPlugin.h</string>
				<key>path</key>
				<string>../../../addons/ofxOpenSteer/src/ofxOpenSteerPlugin.h</string>
				<key>sourceTree</key>
				<string>SOURCE_ROOT</string>
			</dict>
			<key>AC2AE022C5D8F91427AE891D</key>
			<dict>
				<key>fileRef</key>
				<string>D3FAEBA76E41168173339537</string>
				<key>isa</key>
				<string>PBXBuildFile</string>
			</dict>
			<key>D3FAEBA76E41168173339537</key>
			<dict>
				<key>explicitFileType</key>
				<string>sourcecode.cpp.cpp</string>
				<key>fileEncoding</key>
				<string>30</string>
				<key>isa</key>
				<string>PBXFileReference</string>
				<key>name</key>
				<string>ofxOpenSteerPlugin.cpp</string>
				<key>path</key>
				<string>../../../addons/ofxOpenSteer/src/ofxOpenSteerPlugin.cpp</string>
				<key>sourceTree</key>
				<string>SOURCE_ROOT</string>
			</dict>
			<key>9A853233E54EC0B8DE67F706</key>
			<dict>
				<key>children</key>
				<array>
					<string>9CEC770DE3A8467176C05146</string>
					<string>D3FAEBA76E41168173339537</string>
					<string>7F602D7816E4004CD3C9CEB6</string>
					<string>D62EFAC79DF4DDB4C5349844</string>
					<string>F6D22EC28D397A6503B6AB19</string>
					<string>33F478B0C0E14FC00850434D</string>
					<string>09636F1698B7C6CBBACBCDB5</string>
				</array>
				<key>isa</key>
				<string>PBXGroup</string>
				<key>name</key>
				<string>src</string>
				<key>sourceTree</key>
				<string>&lt;group&gt;</string>
			</dict>
			<key>57E8E129C0A20C0698098215</key>
			<dict>
				<key>children</key>
				<array>
					<string>9A853233E54EC0B8DE67F706</string>
					<string>16675EE1195386F3958AA177</string>
				</array>
				<key>isa</key>
				<string>PBXGroup</string>
				<key>name</key>
				<string>ofxOpenSteer</string>
				<key>sourceTree</key>
				<string>&lt;group&gt;</string>
			</dict>
			<key>9CEC770DE3A8467176C05146</key>
			<dict>
				<key>explicitFileType</key>
				<string>sourcecode.c.h</string>
				<key>fileEncoding</key>
				<string>30</string>
				<key>isa</key>
				<string>PBXFileReference</string>
				<key>name</key>
				<string>ofxOpenSteer.h</string>
				<key>path</key>
				<string>../../../addons/ofxOpenSteer/src/ofxOpenSteer.h</string>
				<key>sourceTree</key>
				<string>SOURCE_ROOT</string>
			</dict>
			<key>9CD195E0096A73FCFBB6A1E3</key>
			<dict>
				<key>explicitFileType</key>
				<string>sourcecode.c.h</string>
				<key>fileEncoding</key>
				<string>30</string>
				<key>isa</key>
				<string>PBXFileReference</string>
				<key>name</key>
				<string>PursuitAndEvade.h</string>
				<key>path</key>
				<string>src/PursuitAndEvade.h</string>
				<key>sourceTree</key>
				<string>SOURCE_ROOT</string>
			</dict>
			<key>6B1C0D32DFB7A6E32648FB9B</key>
			<dict>
				<key>explicitFileType</key>
				<string>sourcecode.c.h</string>
				<key>fileEncoding</key>
				<string>30</string>
				<key>isa</key>
				<string>PBXFileReference</string>
				<key>name</key>
				<string>PathFollowing.h</string>
				<key>path</key>
				<string>src/PathFollowing.h</string>
				<key>sourceTree</key>
				<string>SOURCE_ROOT</string>
			</dict>
			<key>EF0F10FCCF9AA679BFDCFA70</key>
			<dict>
				<key>explicitFileType</key>
				<string>sourcecode.c.h</string>
				<key>fileEncoding</key>
				<string>30</string>
				<key>isa</key>
				<string>PBXFileReference</string>
				<key>name</key>
				<string>ObstacleAvoidance.h</string>
				<key>path</key>
				<string>src/ObstacleAvoidance.h</string>
				<key>sourceTree</key>
				<string>SOURCE_ROOT</string>
			</dict>
			<key>0D25453698ED8A27317398C7</key>
			<dict>
				<key>explicitFileType</key>
				<string>sourcecode.c.h</string>
				<key>fileEncoding</key>
				<string>30</string>
				<key>isa</key>
				<string>PBXFileReference</string>
				<key>name</key>
				<string>Flocking.h</string>
				<key>path</key>
				<string>src/Flocking.h</string>
				<key>sourceTree</key>
				<string>SOURCE_ROOT</string>
			</dict>
			<key>56BCDCE134D2120907A7C197</key>
			<dict>
				<key>explicitFileType</key>
				<string>sourcecode.c.h</string>
				<key>fileEncoding</key>
				<string>30</string>
				<key>isa</key>
				<string>PBXFileReference</string>
				<key>name</key>
				<string>Boid.h</string>
				<key>path</key>
				<string>src/Boid.h</string>
				<key>sourceTree</key>
				<string>SOURCE_ROOT</string>
			</dict>
			<key>6948EE371B920CB800B5AC1A</key>
			<dict>
				<key>children</key>
				<array />
				<key>isa</key>
				<string>PBXGroup</string>
				<key>name</key>
				<string>local_addons</string>
				<key>sourceTree</key>
				<string>&lt;group&gt;</string>
			</dict>
			<key>BB4B014C10F69532006C3DED</key>
			<dict>
				<key>children</key>
				<array>
					<string>57E8E129C0A20C0698098215</string>
				</array>
				<key>isa</key>
				<string>PBXGroup</string>
				<key>name</key>
				<string>addons</string>
				<key>sourceTree</key>
				<string>&lt;group&gt;</string>
			</dict>
			<key>E4328143138ABC890047C5CB</key>
			<dict>
				<key>isa</key>
				<string>PBXFileReference</string>
				<key>lastKnownFileType</key>
				<string>wrapper.pb-project</string>
				<key>name</key>
				<string>openFrameworksLib.xcodeproj</string>
				<key>path</key>
				<string>../../../libs/openFrameworksCompiled/project/osx/openFrameworksLib.xcodeproj</string>
				<key>sourceTree</key>
				<string>SOURCE_ROOT</string>
			</dict>
			<key>E4328144138ABC890047C5CB</key>
			<dict>
				<key>children</key>
				<array>
					<string>E4328148138ABC890047C5CB</string>
				</array>
				<key>isa</key>
				<string>PBXGroup</string>
				<key>name</key>
				<string>Products</string>
				<key>sourceTree</key>
				<string>&lt;group&gt;</string>
			</dict>
			<key>E4328147138ABC890047C5CB</key>
			<dict>
				<key>containerPortal</key>
				<string>E4328143138ABC890047C5CB</string>
				<key>isa</key>
				<string>PBXContainerItemProxy</string>
				<key>proxyType</key>
				<string>2</string>
				<key>remoteGlobalIDString</key>
				<string>E4B27C1510CBEB8E00536013</string>
				<key>remoteInfo</key>
				<string>openFrameworks</string>
			</dict>
			<key>E4328148138ABC890047C5CB</key>
			<dict>
				<key>fileType</key>
				<string>archive.ar</string>
				<key>isa</key>
				<string>PBXReferenceProxy</string>
				<key>path</key>
				<string>openFrameworksDebug.a</string>
				<key>remoteRef</key>
				<string>E4328147138ABC890047C5CB</string>
				<key>sourceTree</key>
				<string>BUILT_PRODUCTS_DIR</string>
			</dict>
			<key>E4328149138ABC9F0047C5CB</key>
			<dict>
				<key>fileRef</key>
				<string>E4328148138ABC890047C5CB</string>
				<key>isa</key>
				<string>PBXBuildFile</string>
			</dict>
			<key>E4B69B4A0A3A1720003C02F2</key>
			<dict>
				<key>children</key>
				<array>
					<string>E4B6FCAD0C3E899E008CF71C</string>
					<string>E4EB6923138AFD0F00A09F29</string>
					<string>E4B69E1C0A3A1BDC003C02F2</string>
					<string>E4EEC9E9138DF44700A80321</string>
					<string>BB4B014C10F69532006C3DED</string>
					<string>6948EE371B920CB800B5AC1A</string>
					<string>E4B69B5B0A3A1756003C02F2</string>
				</array>
				<key>isa</key>
				<string>PBXGroup</string>
				<key>sourceTree</key>
				<string>&lt;group&gt;</string>
			</dict>
			<key>E4B69B4C0A3A1720003C02F2</key>
			<dict>
				<key>attributes</key>
				<dict>
					<key>LastUpgradeCheck</key>
					<string>0600</string>
				</dict>
				<key>buildConfigurationList</key>
				<string>E4B69B4D0A3A1720003C02F2</string>
				<key>compatibilityVersion</key>
				<string>Xcode 3.2</string>
				<key>developmentRegion</key>
				<string>English</string>
				<key>hasScannedForEncodings</key>
				<string>0</string>
				<key>isa</key>
				<string>PBXProject</string>
				<key>knownRegions</key>
				<array>
					<string>English</string>
					<string>Japanese</string>
					<string>French</string>
					<string>German</string>
				</array>
				<key>mainGroup</key>
				<string>E4B69B4A0A3A1720003C02F2</string>
				<key>productRefGroup</key>
				<string>E4B69B4A0A3A1720003C02F2</string>
				<key>projectDirPath</key>
				<string />
				<key>projectReferences</key>
				<array>
					<dict>
						<key>ProductGroup</key>
						<string>E4328144138ABC890047C5CB</string>
						<key>ProjectRef</key>
						<string>E4328143138ABC890047C5CB</string>
					</dict>
				</array>
				<key>projectRoot</key>
				<string />
				<key>targets</key>
				<array>
					<string>E4B69B5A0A3A1756003C02F2</string>
				</array>
			</dict>
			<key>E4B69B4D0A3A1720003C02F2</key>
			<dict>
				<key>buildConfigurations</key>
				<array>
					<string>E4B69B4E0A3A1720003C02F2</string>
					<string>E4B69B4F0A3A1720003C02F2</string>
				</array>
				<key>defaultConfigurationIsVisible</key>
				<string>0</string>
				<key>defaultConfigurationName</key>
				<string>Release</string>
				<key>isa</key>
				<string>XCConfigurationList</string>
			</dict>
			<key>E4B69B4E0A3A1720003C02F2</key>
			<dict>
				<key>baseConfigurationReference</key>
				<string>E4EB6923138AFD0F00A09F29</string>
				<key>buildSettings</key>
				<dict>
					<key>HEADER_SEARCH_PATHS</key>
					<array>
						<string>$(OF_CORE_HEADERS)</string>
						<string>src</string>
						<string>../../../addons/ofxOpenSteer/libs</string>
						<string>../../../addons/ofxOpenSteer/libs/opensteer</string>
						<string>../../../addons/ofxOpenSteer/libs/opensteer/include</string>
						<string>../../../addons/ofxOpenSteer/libs/opensteer/include/OpenSteer</string>
						<string>../../../addons/ofxOpenSteer/libs/opensteer/src</string>
						<string>../../../addons/ofxOpenSteer/src</string>
					</array>
					<key>CONFIGURATION_BUILD_DIR</key>
					<string>$(SRCROOT)/bin/</string>
					<key>COPY_PHASE_STRIP</key>
					<string>NO</string>
					<key>DEAD_CODE_STRIPPING</key>
					<string>YES</string>
					<key>GCC_AUTO_VECTORIZATION</key>
					<string>YES</string>
					<key>GCC_ENABLE_SSE3_EXTENSIONS</key>
					<string>YES</string>
					<key>GCC_ENABLE_SUPPLEMENTAL_SSE3_INSTRUCTIONS</key>
					<string>YES</string>
					<key>GCC_INLINES_ARE_PRIVATE_EXTERN</key>
					<string>NO</string>
					<key>GCC_OPTIMIZATION_LEVEL</key>
					<string>0</string>
					<key>GCC_SYMBOLS_PRIVATE_EXTERN</key>
					<string>NO</string>
					<key>GCC_WARN_ABOUT_DEPRECATED_FUNCTIONS</key>
					<string>YES</string>
					<key>GCC_WARN_ABOUT_INVALID_OFFSETOF_MACRO</key>
					<string>NO</string>
					<key>GCC_WARN_ALLOW_INCOMPLETE_PROTOCOL</key>
					<string>NO</string>
					<key>GCC_WARN_UNINITIALIZED_AUTOS</key>
					<string>NO</string>
					<key>GCC_WARN_UNUSED_VALUE</key>
					<string>NO</string>
					<key>GCC_WARN_UNUSED_VARIABLE</key>
					<string>NO</string>
					<key>MACOSX_DEPLOYMENT_TARGET</key>
					<string>10.8</string>
					<key>ONLY_ACTIVE_ARCH</key>
					<string>YES</string>
					<key>OTHER_CPLUSPLUSFLAGS</key>
					<array>
						<string>-D__MACOSX_CORE__</string>
						<string>-mtune=native</string>
					</array>
					<key>SDKROOT</key>
					<string>macosx</string>
				</dict>
				<key>isa</key>
				<string>XCBuildConfiguration</string>
				<key>name</key>
				<string>Debug</string>
			</dict>
			<key>E4B69B4F0A3A1720003C02F2</key>
			<dict>
				<key>baseConfigurationReference</key>
				<string>E4EB6923138AFD0F00A09F29</string>
				<key>buildSettings</key>
				<dict>
					<key>HEADER_SEARCH_PATHS</key>
					<array>
						<string>$(OF_CORE_HEADERS)</string>
						<string>src</string>
						<string>../../../addons/ofxOpenSteer/libs</string>
						<string>../../../addons/ofxOpenSteer/libs/opensteer</string>
						<string>../../../addons/ofxOpenSteer/libs/opensteer/include</string>
						<string>../../../addons/ofxOpenSteer/libs/opensteer/include/OpenSteer</string>
						<string>../../../addons/ofxOpenSteer/libs/opensteer/src</string>
						<string>../../../addons/ofxOpenSteer/src</string>
					</array>
					<key>CONFIGURATION_BUILD_DIR</key>
					<string>$(SRCROOT)/bin/</string>
					<key>COPY_PHASE_STRIP</key>
					<string>YES</string>
					<key>DEAD_CODE_STRIPPING</key>
					<string>YES</string>
					<key>GCC_AUTO_VECTORIZATION</key>
					<string>YES</string>
					<key>GCC_ENABLE_SSE3_EXTENSIONS</key>
					<string>YES</string>
					<key>GCC_ENABLE_SUPPLEMENTAL_SSE3_INSTRUCTIONS</key>
					<string>YES</string>
					<key>GCC_INLINES_ARE_PRIVATE_EXTERN</key>
					<string>NO</string>
					<key>GCC_OPTIMIZATION_LEVEL</key>
					<string>3</string>
					<key>GCC_SYMBOLS_PRIVATE_EXTERN</key>
					<string>NO</string>
					<key>GCC_UNROLL_LOOPS</key>
					<string>YES</string>
					<key>GCC_WARN_ABOUT_DEPRECATED_FUNCTIONS</key>
					<string>YES</string>
					<key>GCC_WARN_ABOUT_INVALID_OFFSETOF_MACRO</key>
					<string>NO</string>
					<key>GCC_WARN_ALLOW_INCOMPLETE_PROTOCOL</key>
					<string>NO</string>
					<key>GCC_WARN_UNINITIALIZED_AUTOS</key>
					<string>NO</string>
					<key>GCC_WARN_UNUSED_VALUE</key>
					<string>NO</string>
					<key>GCC_WARN_UNUSED_VARIABLE</key>
					<string>NO</string>
					<key>MACOSX_DEPLOYMENT_TARGET</key>
					<string>10.8</string>
					<key>OTHER_CPLUSPLUSFLAGS</key>
					<array>
						<string>-D__MACOSX_CORE__</string>
						<string>-mtune=native</string>
					</array>
					<key>SDKROOT</key>
					<string>macosx</string>
				</dict>
				<key>isa</key>
				<string>XCBuildConfiguration</string>
				<key>name</key>
				<string>Release</string>
			</dict>
			<key>E4B69B580A3A1756003C02F2</key>
			<dict>
				<key>buildActionMask</key>
				<string>2147483647</string>
				<key>files</key>
				<array>
					<string>E4B69E200A3A1BDC003C02F2</string>
					<string>E4B69E210A3A1BDC003C02F2</string>
					<string>AC2AE022C5D8F91427AE891D</string>
					<string>F2A30E344EAA31E115D3039C</string>
					<string>9064074AD5E6A2223C232C3A</string>
					<string>646DF517B618135F4E1DD433</string>
					<string>75035C80C760D9BD7C998454</string>
					<string>8388BEEAF6D940CC7A3962AE</string>
					<string>313D840D0AB66D427E6364DC</string>
					<string>A9BEEC8ED9C4A4C44D9ECB78</string>
					<string>F628E1BA2901DF8154331F54</string>
					<string>F96748B8302FC633F6DD09CD</string>
					<string>8B76A5488E907E9AE2D1389C</string>
					<string>514B9FDE0ABD5936B6938975</string>
					<string>43FB9AA1514A8F62CE9FED72</string>
					<string>3E1685B91EB64A74D8C94285</string>
					<string>25EBF321E732B6D9ABC68373</string>
					<string>E4B6C7B397DE942BE8036509</string>
					<string>99E7C3ABAD57ADA7B93C3734</string>
					<string>0BE6B2A97D9058AA1C2C5D5F</string>
					<string>10DA2FD671FD32E0F28BACA7</string>
					<string>C3D1B0F7C229C7904B9B566B</string>
					<string>477D728921BB71F90C05F950</string>
					<string>618A708A9F37A6F20BC15F0D</string>
				</array>
				<key>isa</key>
				<string>PBXSourcesBuildPhase</string>
				<key>runOnlyForDeploymentPostprocessing</key>
				<string>0</string>
			</dict>
			<key>E4B69B590A3A1756003C02F2</key>
			<dict>
				<key>buildActionMask</key>
				<string>2147483647</string>
				<key>files</key>
				<array>
					<string>E4328149138ABC9F0047C5CB</string>
				</array>
				<key>isa</key>
				<string>PBXFrameworksBuildPhase</string>
				<key>runOnlyForDeploymentPostprocessing</key>
				<string>0</string>
			</dict>
			<key>E4B69B5A0A3A1756003C02F2</key>
			<dict>
				<key>buildConfigurationList</key>
				<string>E4B69B5F0A3A1757003C02F2</string>
				<key>buildPhases</key>
				<array>
					<string>E4B69B580A3A1756003C02F2</string>
					<string>E4B69B590A3A1756003C02F2</string>
					<string>E4B6FFFD0C3F9AB9008CF71C</string>
					<string>E4C2427710CC5ABF004149E2</string>
				</array>
				<key>buildRules</key>
				<array />
				<key>dependencies</key>
				<array>
					<string>E4EEB9AC138B136A00A80321</string>
				</array>
				<key>isa</key>
				<string>PBXNativeTarget</string>
				<key>name</key>
				<string>example</string>
				<key>productName</key>
				<string>myOFApp</string>
				<key>productReference</key>
				<string>E4B69B5B0A3A1756003C02F2</string>
				<key>productType</key>
				<string>com.apple.product-type.application</string>
			</dict>
			<key>E4B69B5B0A3A1756003C02F2</key>
			<dict>
				<key>explicitFileType</key>
				<string>wrapper.application</string>
				<key>includeInIndex</key>
				<string>0</string>
				<key>isa</key>
				<string>PBXFileReference</string>
				<key>path</key>
				<string>exampleDebug.app</string>
				<key>sourceTree</key>
				<string>BUILT_PRODUCTS_DIR</string>
			</dict>
			<key>E4B69B5F0A3A1757003C02F2</key>
			<dict>
				<key>buildConfigurations</key>
				<array>
					<string>E4B69B600A3A1757003C02F2</string>
					<string>E4B69B610A3A1757003C02F2</string>
				</array>
				<key>defaultConfigurationIsVisible</key>
				<string>0</string>
				<key>defaultConfigurationName</key>
				<string>Release</string>
				<key>isa</key>
				<string>XCConfigurationList</string>
			</dict>
			<key>E4B69B600A3A1757003C02F2</key>
			<dict>
				<key>baseConfigurationReference</key>
				<string>E4EB6923138AFD0F00A09F29</string>
				<key>buildSettings</key>
				<dict>
					<key>HEADER_SEARCH_PATHS</key>
					<array>
						<string>$(OF_CORE_HEADERS)</string>
						<string>src</string>
						<string>../../../addons/ofxOpenSteer/libs</string>
						<string>../../../addons/ofxOpenSteer/libs/opensteer</string>
						<string>../../../addons/ofxOpenSteer/libs/opensteer/include</string>
						<string>../../../addons/ofxOpenSteer/libs/opensteer/include/OpenSteer</string>
						<string>../../../addons/ofxOpenSteer/libs/opensteer/src</string>
						<string>../../../addons/ofxOpenSteer/src</string>
					</array>
					<key>COMBINE_HIDPI_IMAGES</key>
					<string>YES</string>
					<key>COPY_PHASE_STRIP</key>
					<string>NO</string>
					<key>FRAMEWORK_SEARCH_PATHS</key>
					<array>
						<string>$(inherited)</string>
						<string>$(FRAMEWORK_SEARCH_PATHS_QUOTED_FOR_TARGET_1)</string>
					</array>
					<key>FRAMEWORK_SEARCH_PATHS_QUOTED_FOR_TARGET_1</key>
					<string>"$(SRCROOT)/../../../libs/glut/lib/osx"</string>
					<key>GCC_DYNAMIC_NO_PIC</key>
					<string>NO</string>
					<key>GCC_GENERATE_DEBUGGING_SYMBOLS</key>
					<string>YES</string>
					<key>GCC_MODEL_TUNING</key>
					<string>NONE</string>
					<key>ICON</key>
					<string>$(ICON_NAME_DEBUG)</string>
					<key>ICON_FILE</key>
					<string>$(ICON_FILE_PATH)$(ICON)</string>
					<key>INFOPLIST_FILE</key>
					<string>openFrameworks-Info.plist</string>
					<key>INSTALL_PATH</key>
					<string>/Applications</string>
					<key>LIBRARY_SEARCH_PATHS</key>
					<string>$(inherited)</string>
					<key>PRODUCT_NAME</key>
					<string>$(TARGET_NAME)Debug</string>
					<key>WRAPPER_EXTENSION</key>
					<string>app</string>
				</dict>
				<key>isa</key>
				<string>XCBuildConfiguration</string>
				<key>name</key>
				<string>Debug</string>
			</dict>
			<key>E4B69B610A3A1757003C02F2</key>
			<dict>
				<key>baseConfigurationReference</key>
				<string>E4EB6923138AFD0F00A09F29</string>
				<key>buildSettings</key>
				<dict>
					<key>HEADER_SEARCH_PATHS</key>
					<array>
						<string>$(OF_CORE_HEADERS)</string>
						<string>src</string>
						<string>../../../addons/ofxOpenSteer/libs</string>
						<string>../../../addons/ofxOpenSteer/libs/opensteer</string>
						<string>../../../addons/ofxOpenSteer/libs/opensteer/include</string>
						<string>../../../addons/ofxOpenSteer/libs/opensteer/include/OpenSteer</string>
						<string>../../../addons/ofxOpenSteer/libs/opensteer/src</string>
						<string>../../../addons/ofxOpenSteer/src</string>
					</array>
					<key>COMBINE_HIDPI_IMAGES</key>
					<string>YES</string>
					<key>COPY_PHASE_STRIP</key>
					<string>YES</string>
					<key>FRAMEWORK_SEARCH_PATHS</key>
					<array>
						<string>$(inherited)</string>
						<string>$(FRAMEWORK_SEARCH_PATHS_QUOTED_FOR_TARGET_1)</string>
					</array>
					<key>FRAMEWORK_SEARCH_PATHS_QUOTED_FOR_TARGET_1</key>
					<string>"$(SRCROOT)/../../../libs/glut/lib/osx"</string>
					<key>GCC_GENERATE_DEBUGGING_SYMBOLS</key>
					<string>YES</string>
					<key>GCC_MODEL_TUNING</key>
					<string>NONE</string>
					<key>ICON</key>
					<string>$(ICON_NAME_RELEASE)</string>
					<key>ICON_FILE</key>
					<string>$(ICON_FILE_PATH)$(ICON)</string>
					<key>INFOPLIST_FILE</key>
					<string>openFrameworks-Info.plist</string>
					<key>INSTALL_PATH</key>
					<string>/Applications</string>
					<key>LIBRARY_SEARCH_PATHS</key>
					<string>$(inherited)</string>
					<key>PRODUCT_NAME</key>
					<string>$(TARGET_NAME)</string>
					<key>WRAPPER_EXTENSION</key>
					<string>app</string>
					<key>baseConfigurationReference</key>
					<string>E4EB6923138AFD0F00A09F29</string>
				</dict>
				<key>isa</key>
				<string>XCBuildConfiguration</string>
				<key>name</key>
				<string>Release</string>
			</dict>
			<key>E4B69E1C0A3A1BDC003C02F2</key>
			<dict>
				<key>children</key>
				<array>
					<string>E4B69E1D0A3A1BDC003C02F2</string>
					<string>E4B69E1E0A3A1BDC003C02F2</string>
					<string>E4B69E1F0A3A1BDC003C02F2</string>
					<string>56BCDCE134D2120907A7C197</string>
					<string>0D25453698ED8A27317398C7</string>
					<string>EF0F10FCCF9AA679BFDCFA70</string>
					<string>6B1C0D32DFB7A6E32648FB9B</string>
					<string>9CD195E0096A73FCFBB6A1E3</string>
				</array>
				<key>isa</key>
				<string>PBXGroup</string>
				<key>path</key>
				<string>src</string>
				<key>sourceTree</key>
				<string>SOURCE_ROOT</string>
			</dict>
			<key>E4B69E1D0A3A1BDC003C02F2</key>
			<dict>
				<key>fileEncoding</key>
				<string>30</string>
				<key>isa</key>
				<string>PBXFileReference</string>
				<key>lastKnownFileType</key>
				<string>sourcecode.cpp.cpp</string>
				<key>name</key>
				<string>main.cpp</string>
				<key>path</key>
				<string>src/main.cpp</string>
				<key>sourceTree</key>
				<string>SOURCE_ROOT</string>
			</dict>
			<key>E4B69E1E0A3A1BDC003C02F2</key>
			<dict>
				<key>explicitFileType</key>
				<string>sourcecode.cpp.cpp</string>
				<key>fileEncoding</key>
				<string>30</string>
				<key>isa</key>
				<string>PBXFileReference</string>
				<key>name</key>
				<string>ofApp.cpp</string>
				<key>path</key>
				<string>src/ofApp.cpp</string>
				<key>sourceTree</key>
				<string>SOURCE_ROOT</string>
			</dict>
			<key>E4B69E1F0A3A1BDC003C02F2</key>
			<dict>
				<key>fileEncoding</key>
				<string>30</string>
				<key>isa</key>
				<string>PBXFileReference</string>
				<key>lastKnownFileType</key>
				<string>sourcecode.c.h</string>
				<key>name</key>
				<string>ofApp.h</string>
				<key>path</key>
				<string>src/ofApp.h</string>
				<key>sourceTree</key>
				<string>SOURCE_ROOT</string>
			</dict>
			<key>E4B69E200A3A1BDC003C02F2</key>
			<dict>
				<key>fileRef</key>
				<string>E4B69E1D0A3A1BDC003C02F2</string>
				<key>isa</key>
				<string>PBXBuildFile</string>
			</dict>
			<key>E4B69E210A3A1BDC003C02F2</key>
			<dict>
				<key>fileRef</key>
				<string>E4B69E1E0A3A1BDC003C02F2</string>
				<key>isa</key>
				<string>PBXBuildFile</string>
			</dict>
			<key>E4B6FCAD0C3E899E008CF71C</key>
			<dict>
				<key>fileEncoding</key>
				<string>30</string>
				<key>isa</key>
				<string>PBXFileReference</string>
				<key>lastKnownFileType</key>
				<string>text.plist.xml</string>
				<key>path</key>
				<string>openFrameworks-Info.plist</string>
				<key>sourceTree</key>
				<string>&lt;group&gt;</string>
			</dict>
			<key>E4B6FFFD0C3F9AB9008CF71C</key>
			<dict>
				<key>buildActionMask</key>
				<string>2147483647</string>
				<key>files</key>
				<array />
				<key>inputPaths</key>
				<array />
				<key>isa</key>
				<string>PBXShellScriptBuildPhase</string>
				<key>outputPaths</key>
				<array />
				<key>runOnlyForDeploymentPostprocessing</key>
				<string>0</string>
				<key>shellPath</key>
				<string>/bin/sh</string>
				<key>shellScript</key>
				<string>mkdir -p "$TARGET_BUILD_DIR/$PRODUCT_NAME.app/Contents/Resources/"
# Copy default icon file into App/Resources
rsync -aved "$ICON_FILE" "$TARGET_BUILD_DIR/$PRODUCT_NAME.app/Contents/Resources/"
# Copy libfmod and change install directory for fmod to run
rsync -aved ../../../libs/fmodex/lib/osx/libfmodex.dylib "$TARGET_BUILD_DIR/$PRODUCT_NAME.app/Contents/Frameworks/";
install_name_tool -change @executable_path/libfmodex.dylib @executable_path/../Frameworks/libfmodex.dylib "$TARGET_BUILD_DIR/$PRODUCT_NAME.app/Contents/MacOS/$PRODUCT_NAME";
# Copy GLUT framework (must remove for AppStore submissions)
rsync -aved ../../../libs/glut/lib/osx/GLUT.framework "$TARGET_BUILD_DIR/$PRODUCT_NAME.app/Contents/Frameworks/"
</string>
			</dict>
			<key>E4C2427710CC5ABF004149E2</key>
			<dict>
				<key>buildActionMask</key>
				<string>2147483647</string>
				<key>dstPath</key>
				<string />
				<key>dstSubfolderSpec</key>
				<string>10</string>
				<key>files</key>
				<array />
				<key>isa</key>
				<string>PBXCopyFilesBuildPhase</string>
				<key>runOnlyForDeploymentPostprocessing</key>
				<string>0</string>
			</dict>
			<key>E4EB691F138AFCF100A09F29</key>
			<dict>
				<key>fileEncoding</key>
				<string>4</string>
				<key>isa</key>
				<string>PBXFileReference</string>
				<key>lastKnownFileType</key>
				<string>text.xcconfig</string>
				<key>name</key>
				<string>CoreOF.xcconfig</string>
				<key>path</key>
				<string>../../../libs/openFrameworksCompiled/project/osx/CoreOF.xcconfig</string>
				<key>sourceTree</key>
				<string>SOURCE_ROOT</string>
			</dict>
			<key>E4EB6923138AFD0F00A09F29</key>
			<dict>
				<key>fileEncoding</key>
				<string>4</string>
				<key>isa</key>
				<string>PBXFileReference</string>
				<key>lastKnownFileType</key>
				<string>text.xcconfig</string>
				<key>path</key>
				<string>Project.xcconfig</string>
				<key>sourceTree</key>
				<string>&lt;group&gt;</string>
			</dict>
			<key>E4EEB9AB138B136A00A80321</key>
			<dict>
				<key>containerPortal</key>
				<string>E4328143138ABC890047C5CB</string>
				<key>isa</key>
				<string>PBXContainerItemProxy</string>
				<key>proxyType</key>
				<string>1</string>
				<key>remoteGlobalIDString</key>
				<string>E4B27C1410CBEB8E00536013</string>
				<key>remoteInfo</key>
				<string>openFrameworks</string>
			</dict>
			<key>E4EEB9AC138B136A00A80321</key>
			<dict>
				<key>isa</key>
				<string>PBXTargetDependency</string>
				<key>name</key>
				<string>openFrameworks</string>
				<key>targetProxy</key>
				<string>E4EEB9AB138B136A00A80321</string>
			</dict>
			<key>E4EEC9E9138DF44700A80321</key>
			<dict>
				<key>children</key>
				<array>
					<string>E4EB691F138AFCF100A09F29</string>
					<string>E4328143138ABC890047C5CB</string>
				</array>
				<key>isa</key>
				<string>PBXGroup</string>
				<key>name</key>
				<string>openFrameworks</string>
				<key>sourceTree</key>
				<string>&lt;group&gt;</string>
			</dict>
		</dict>
		<key>rootObject</key>
		<string>E4B69B4C0A3A1720003C02F2</string>
	</dict>
</plist>
